
Microsoft Visual Studio Solution File, Format Version 12.00
# Visual Studio Version 17
VisualStudioVersion = 17.13.35919.96
MinimumVisualStudioVersion = 10.0.40219.1
Project("{FAE04EC0-301F-11D3-BF4B-00C04F79EFBC}") = "SudokuApi", "SudokuApi\SudokuApi.csproj", "{D5B66ADF-CE8F-4B65-817D-BB034BDF632C}"
EndProject
Project("{FAE04EC0-301F-11D3-BF4B-00C04F79EFBC}") = "SudokuSolver", "SudokuSolver\SudokuSolver.csproj", "{6BA59BA8-16ED-4BAF-A779-C22FC3B6D702}"
EndProject
Global
	GlobalSection(SolutionConfigurationPlatforms) = preSolution
		Debug|Any CPU = Debug|Any CPU
		Release|Any CPU = Release|Any CPU
	EndGlobalSection
	GlobalSection(ProjectConfigurationPlatforms) = postSolution
		{D5B66ADF-CE8F-4B65-817D-BB034BDF632C}.Debug|Any CPU.ActiveCfg = Debug|Any CPU
		{D5B66ADF-CE8F-4B65-817D-BB034BDF632C}.Debug|Any CPU.Build.0 = Debug|Any CPU
		{D5B66ADF-CE8F-4B65-817D-BB034BDF632C}.Release|Any CPU.ActiveCfg = Release|Any CPU
		{D5B66ADF-CE8F-4B65-817D-BB034BDF632C}.Release|Any CPU.Build.0 = Release|Any CPU
		{6BA59BA8-16ED-4BAF-A779-C22FC3B6D702}.Debug|Any CPU.ActiveCfg = Debug|Any CPU
		{6BA59BA8-16ED-4BAF-A779-C22FC3B6D702}.Debug|Any CPU.Build.0 = Debug|Any CPU
		{6BA59BA8-16ED-4BAF-A779-C22FC3B6D702}.Release|Any CPU.ActiveCfg = Release|Any CPU
		{6BA59BA8-16ED-4BAF-A779-C22FC3B6D702}.Release|Any CPU.Build.0 = Release|Any CPU
	EndGlobalSection
	GlobalSection(SolutionProperties) = preSolution
		HideSolutionNode = FALSE
	EndGlobalSection
	GlobalSection(ExtensibilityGlobals) = postSolution
		SolutionGuid = {4FF98A63-93A2-4710-82D2-6C306836CCB8}
	EndGlobalSection
EndGlobal
